
Microsoft Visual Studio Solution File, Format Version 12.00
# Visual Studio Version 16
VisualStudioVersion = 16.0.31105.61
MinimumVisualStudioVersion = 10.0.40219.1
Project("{FAE04EC0-301F-11D3-BF4B-00C04F79EFBC}") = "MinhaPrimeiraAPI", "MinhaPrimeiraAPI\MinhaPrimeiraAPI.csproj", "{53ADC234-8395-4773-AD0F-8B187C2B5128}"
EndProject
Global
	GlobalSection(SolutionConfigurationPlatforms) = preSolution
		Debug|Any CPU = Debug|Any CPU
		Release|Any CPU = Release|Any CPU
	EndGlobalSection
	GlobalSection(ProjectConfigurationPlatforms) = postSolution
		{53ADC234-8395-4773-AD0F-8B187C2B5128}.Debug|Any CPU.ActiveCfg = Debug|Any CPU
		{53ADC234-8395-4773-AD0F-8B187C2B5128}.Debug|Any CPU.Build.0 = Debug|Any CPU
		{53ADC234-8395-4773-AD0F-8B187C2B5128}.Release|Any CPU.ActiveCfg = Release|Any CPU
		{53ADC234-8395-4773-AD0F-8B187C2B5128}.Release|Any CPU.Build.0 = Release|Any CPU
	EndGlobalSection
	GlobalSection(SolutionProperties) = preSolution
		HideSolutionNode = FALSE
	EndGlobalSection
	GlobalSection(ExtensibilityGlobals) = postSolution
		SolutionGuid = {2C2030AE-97DD-40E7-9D27-FBC74751BC3C}
	EndGlobalSection
EndGlobal
